
Microsoft Visual Studio Solution File, Format Version 12.00
# Visual Studio Version 17
VisualStudioVersion = 17.3.32825.248
MinimumVisualStudioVersion = 10.0.40219.1
Project("{9A19103F-16F7-4668-BE54-9A1E7A4F7556}") = "DataAccess", "DataAccess\DataAccess.csproj", "{0D043EFA-511A-425A-BEF4-E504CEA9E8F7}"
EndProject
Project("{9A19103F-16F7-4668-BE54-9A1E7A4F7556}") = "Business", "Business\Business.csproj", "{3672E107-85FE-4C1F-B01E-8E711C858357}"
EndProject
Project("{9A19103F-16F7-4668-BE54-9A1E7A4F7556}") = "Entities", "Entities\Entities.csproj", "{3CB4BBAD-A810-4266-ADAE-D65A36035B70}"
EndProject
Project("{9A19103F-16F7-4668-BE54-9A1E7A4F7556}") = "ConsoleUI", "ConsoleUI\ConsoleUI.csproj", "{042886D3-FF37-407E-B8D8-61F10F6D4EEA}"
EndProject
Project("{9A19103F-16F7-4668-BE54-9A1E7A4F7556}") = "Core", "Core\Core.csproj", "{5F3909E9-8D88-49FA-ADC6-D749B72EDD5B}"
EndProject
Project("{9A19103F-16F7-4668-BE54-9A1E7A4F7556}") = "WebAPI", "SebAPI\WebAPI.csproj", "{025D4705-DC4B-45B2-A3D3-ADFEAB83D337}"
EndProject
Global
	GlobalSection(SolutionConfigurationPlatforms) = preSolution
		Debug|Any CPU = Debug|Any CPU
		Release|Any CPU = Release|Any CPU
	EndGlobalSection
	GlobalSection(ProjectConfigurationPlatforms) = postSolution
		{0D043EFA-511A-425A-BEF4-E504CEA9E8F7}.Debug|Any CPU.ActiveCfg = Debug|Any CPU
		{0D043EFA-511A-425A-BEF4-E504CEA9E8F7}.Debug|Any CPU.Build.0 = Debug|Any CPU
		{0D043EFA-511A-425A-BEF4-E504CEA9E8F7}.Release|Any CPU.ActiveCfg = Release|Any CPU
		{0D043EFA-511A-425A-BEF4-E504CEA9E8F7}.Release|Any CPU.Build.0 = Release|Any CPU
		{3672E107-85FE-4C1F-B01E-8E711C858357}.Debug|Any CPU.ActiveCfg = Debug|Any CPU
		{3672E107-85FE-4C1F-B01E-8E711C858357}.Debug|Any CPU.Build.0 = Debug|Any CPU
		{3672E107-85FE-4C1F-B01E-8E711C858357}.Release|Any CPU.ActiveCfg = Release|Any CPU
		{3672E107-85FE-4C1F-B01E-8E711C858357}.Release|Any CPU.Build.0 = Release|Any CPU
		{3CB4BBAD-A810-4266-ADAE-D65A36035B70}.Debug|Any CPU.ActiveCfg = Debug|Any CPU
		{3CB4BBAD-A810-4266-ADAE-D65A36035B70}.Debug|Any CPU.Build.0 = Debug|Any CPU
		{3CB4BBAD-A810-4266-ADAE-D65A36035B70}.Release|Any CPU.ActiveCfg = Release|Any CPU
		{3CB4BBAD-A810-4266-ADAE-D65A36035B70}.Release|Any CPU.Build.0 = Release|Any CPU
		{042886D3-FF37-407E-B8D8-61F10F6D4EEA}.Debug|Any CPU.ActiveCfg = Debug|Any CPU
		{042886D3-FF37-407E-B8D8-61F10F6D4EEA}.Debug|Any CPU.Build.0 = Debug|Any CPU
		{042886D3-FF37-407E-B8D8-61F10F6D4EEA}.Release|Any CPU.ActiveCfg = Release|Any CPU
		{042886D3-FF37-407E-B8D8-61F10F6D4EEA}.Release|Any CPU.Build.0 = Release|Any CPU
		{5F3909E9-8D88-49FA-ADC6-D749B72EDD5B}.Debug|Any CPU.ActiveCfg = Debug|Any CPU
		{5F3909E9-8D88-49FA-ADC6-D749B72EDD5B}.Debug|Any CPU.Build.0 = Debug|Any CPU
		{5F3909E9-8D88-49FA-ADC6-D749B72EDD5B}.Release|Any CPU.ActiveCfg = Release|Any CPU
		{5F3909E9-8D88-49FA-ADC6-D749B72EDD5B}.Release|Any CPU.Build.0 = Release|Any CPU
		{025D4705-DC4B-45B2-A3D3-ADFEAB83D337}.Debug|Any CPU.ActiveCfg = Debug|Any CPU
		{025D4705-DC4B-45B2-A3D3-ADFEAB83D337}.Debug|Any CPU.Build.0 = Debug|Any CPU
		{025D4705-DC4B-45B2-A3D3-ADFEAB83D337}.Release|Any CPU.ActiveCfg = Release|Any CPU
		{025D4705-DC4B-45B2-A3D3-ADFEAB83D337}.Release|Any CPU.Build.0 = Release|Any CPU
	EndGlobalSection
	GlobalSection(SolutionProperties) = preSolution
		HideSolutionNode = FALSE
	EndGlobalSection
	GlobalSection(ExtensibilityGlobals) = postSolution
		SolutionGuid = {6E476E38-499A-49B8-8D6F-0460426E2DE9}
	EndGlobalSection
EndGlobal
